
Microsoft Visual Studio Solution File, Format Version 12.00
# Visual Studio Version 17
VisualStudioVersion = 17.3.32929.385
MinimumVisualStudioVersion = 10.0.40219.1
Project("{FAE04EC0-301F-11D3-BF4B-00C04F79EFBC}") = "Demo34_Project", "Demo34_Project.csproj", "{456F3320-8F26-4564-B5D7-54E2576DE597}"
EndProject
Global
	GlobalSection(SolutionConfigurationPlatforms) = preSolution
		Debug|Any CPU = Debug|Any CPU
		Release|Any CPU = Release|Any CPU
	EndGlobalSection
	GlobalSection(ProjectConfigurationPlatforms) = postSolution
		{456F3320-8F26-4564-B5D7-54E2576DE597}.Debug|Any CPU.ActiveCfg = Debug|Any CPU
		{456F3320-8F26-4564-B5D7-54E2576DE597}.Debug|Any CPU.Build.0 = Debug|Any CPU
		{456F3320-8F26-4564-B5D7-54E2576DE597}.Release|Any CPU.ActiveCfg = Release|Any CPU
		{456F3320-8F26-4564-B5D7-54E2576DE597}.Release|Any CPU.Build.0 = Release|Any CPU
	EndGlobalSection
	GlobalSection(SolutionProperties) = preSolution
		HideSolutionNode = FALSE
	EndGlobalSection
	GlobalSection(ExtensibilityGlobals) = postSolution
		SolutionGuid = {F6C6C25C-0A2B-4FC0-8016-9B02A1E6132D}
	EndGlobalSection
EndGlobal
